// !$*UTF8*$!
{
	archiveVersion = 1;
	classes = {
	};
	objectVersion = 56;
	objects = {

/* Begin PBXBuildFile section */
		6AD3060B29CEFBB800C3531F /* ImageEditDomain.h in Headers */ = {isa = PBXBuildFile; fileRef = 6AD3060A29CEFBB800C3531F /* ImageEditDomain.h */; settings = {ATTRIBUTES = (Public, ); }; };
		6AD3062F29CEFC0B00C3531F /* ImageEditUserInterface.framework in Frameworks */ = {isa = PBXBuildFile; fileRef = 6AD3062E29CEFC0B00C3531F /* ImageEditUserInterface.framework */; };
		6AD3063329CEFC1500C3531F /* BaseDependencyDomain.framework in Frameworks */ = {isa = PBXBuildFile; fileRef = 6AD3063229CEFC1500C3531F /* BaseDependencyDomain.framework */; };
		6AD3063729CEFC2900C3531F /* RxPackage.framework in Frameworks */ = {isa = PBXBuildFile; fileRef = 6AD3063629CEFC2900C3531F /* RxPackage.framework */; };
/* End PBXBuildFile section */

/* Begin PBXFileReference section */
		6AD3060729CEFBB800C3531F /* ImageEditDomain.framework */ = {isa = PBXFileReference; explicitFileType = wrapper.framework; includeInIndex = 0; path = ImageEditDomain.framework; sourceTree = BUILT_PRODUCTS_DIR; };
		6AD3060A29CEFBB800C3531F /* ImageEditDomain.h */ = {isa = PBXFileReference; lastKnownFileType = sourcecode.c.h; path = ImageEditDomain.h; sourceTree = "<group>"; };
		6AD3062E29CEFC0B00C3531F /* ImageEditUserInterface.framework */ = {isa = PBXFileReference; explicitFileType = wrapper.framework; path = ImageEditUserInterface.framework; sourceTree = BUILT_PRODUCTS_DIR; };
		6AD3063229CEFC1500C3531F /* BaseDependencyDomain.framework */ = {isa = PBXFileReference; explicitFileType = wrapper.framework; path = BaseDependencyDomain.framework; sourceTree = BUILT_PRODUCTS_DIR; };
		6AD3063629CEFC2900C3531F /* RxPackage.framework */ = {isa = PBXFileReference; explicitFileType = wrapper.framework; path = RxPackage.framework; sourceTree = BUILT_PRODUCTS_DIR; };
/* End PBXFileReference section */

/* Begin PBXFrameworksBuildPhase section */
		6AD3060429CEFBB800C3531F /* Frameworks */ = {
			isa = PBXFrameworksBuildPhase;
			buildActionMask = 2147483647;
			files = (
				6AD3063329CEFC1500C3531F /* BaseDependencyDomain.framework in Frameworks */,
				6AD3062F29CEFC0B00C3531F /* ImageEditUserInterface.framework in Frameworks */,
				6AD3063729CEFC2900C3531F /* RxPackage.framework in Frameworks */,
			);
			runOnlyForDeploymentPostprocessing = 0;
		};
/* End PBXFrameworksBuildPhase section */

/* Begin PBXGroup section */
		6AD305FD29CEFBB800C3531F = {
			isa = PBXGroup;
			children = (
				6AD3060929CEFBB800C3531F /* ImageEditDomain */,
				6AD3060829CEFBB800C3531F /* Products */,
				6AD3062D29CEFC0B00C3531F /* Frameworks */,
			);
			sourceTree = "<group>";
		};
		6AD3060829CEFBB800C3531F /* Products */ = {
			isa = PBXGroup;
			children = (
				6AD3060729CEFBB800C3531F /* ImageEditDomain.framework */,
			);
			name = Products;
			sourceTree = "<group>";
		};
		6AD3060929CEFBB800C3531F /* ImageEditDomain */ = {
			isa = PBXGroup;
			children = (
				6AD3060A29CEFBB800C3531F /* ImageEditDomain.h */,
			);
			path = ImageEditDomain;
			sourceTree = "<group>";
		};
		6AD3062D29CEFC0B00C3531F /* Frameworks */ = {
			isa = PBXGroup;
			children = (
				6AD3063629CEFC2900C3531F /* RxPackage.framework */,
				6AD3063229CEFC1500C3531F /* BaseDependencyDomain.framework */,
				6AD3062E29CEFC0B00C3531F /* ImageEditUserInterface.framework */,
			);
			name = Frameworks;
			sourceTree = "<group>";
		};
/* End PBXGroup section */

/* Begin PBXHeadersBuildPhase section */
		6AD3060229CEFBB800C3531F /* Headers */ = {
			isa = PBXHeadersBuildPhase;
			buildActionMask = 2147483647;
			files = (
				6AD3060B29CEFBB800C3531F /* ImageEditDomain.h in Headers */,
			);
			runOnlyForDeploymentPostprocessing = 0;
		};
/* End PBXHeadersBuildPhase section */

/* Begin PBXNativeTarget section */
		6AD3060629CEFBB800C3531F /* ImageEditDomain */ = {
			isa = PBXNativeTarget;
			buildConfigurationList = 6AD3060E29CEFBB800C3531F /* Build configuration list for PBXNativeTarget "ImageEditDomain" */;
			buildPhases = (
				6AD3060229CEFBB800C3531F /* Headers */,
				6AD3060329CEFBB800C3531F /* Sources */,
				6AD3060429CEFBB800C3531F /* Frameworks */,
				6AD3060529CEFBB800C3531F /* Resources */,
			);
			buildRules = (
			);
			dependencies = (
			);
			name = ImageEditDomain;
			productName = ImageEditDomain;
			productReference = 6AD3060729CEFBB800C3531F /* ImageEditDomain.framework */;
			productType = "com.apple.product-type.framework";
		};
/* End PBXNativeTarget section */

/* Begin PBXProject section */
		6AD305FE29CEFBB800C3531F /* Project object */ = {
			isa = PBXProject;
			attributes = {
				BuildIndependentTargetsInParallel = 1;
				LastUpgradeCheck = 1420;
				TargetAttributes = {
					6AD3060629CEFBB800C3531F = {
						CreatedOnToolsVersion = 14.2;
					};
				};
			};
			buildConfigurationList = 6AD3060129CEFBB800C3531F /* Build configuration list for PBXProject "ImageEditDomain" */;
			compatibilityVersion = "Xcode 14.0";
			developmentRegion = en;
			hasScannedForEncodings = 0;
			knownRegions = (
				en,
				Base,
			);
			mainGroup = 6AD305FD29CEFBB800C3531F;
			productRefGroup = 6AD3060829CEFBB800C3531F /* Products */;
			projectDirPath = "";
			projectRoot = "";
			targets = (
				6AD3060629CEFBB800C3531F /* ImageEditDomain */,
			);
		};
/* End PBXProject section */

/* Begin PBXResourcesBuildPhase section */
		6AD3060529CEFBB800C3531F /* Resources */ = {
			isa = PBXResourcesBuildPhase;
			buildActionMask = 2147483647;
			files = (
			);
			runOnlyForDeploymentPostprocessing = 0;
		};
/* End PBXResourcesBuildPhase section */

/* Begin PBXSourcesBuildPhase section */
		6AD3060329CEFBB800C3531F /* Sources */ = {
			isa = PBXSourcesBuildPhase;
			buildActionMask = 2147483647;
			files = (
			);
			runOnlyForDeploymentPostprocessing = 0;
		};
/* End PBXSourcesBuildPhase section */

/* Begin XCBuildConfiguration section */
		6AD3060C29CEFBB800C3531F /* Debug */ = {
			isa = XCBuildConfiguration;
			buildSettings = {
				ALWAYS_SEARCH_USER_PATHS = NO;
				CLANG_ANALYZER_NONNULL = YES;
				CLANG_ANALYZER_NUMBER_OBJECT_CONVERSION = YES_AGGRESSIVE;
				CLANG_CXX_LANGUAGE_STANDARD = "gnu++20";
				CLANG_ENABLE_MODULES = YES;
				CLANG_ENABLE_OBJC_ARC = YES;
				CLANG_ENABLE_OBJC_WEAK = YES;
				CLANG_WARN_BLOCK_CAPTURE_AUTORELEASING = YES;
				CLANG_WARN_BOOL_CONVERSION = YES;
				CLANG_WARN_COMMA = YES;
				CLANG_WARN_CONSTANT_CONVERSION = YES;
				CLANG_WARN_DEPRECATED_OBJC_IMPLEMENTATIONS = YES;
				CLANG_WARN_DIRECT_OBJC_ISA_USAGE = YES_ERROR;
				CLANG_WARN_DOCUMENTATION_COMMENTS = YES;
				CLANG_WARN_EMPTY_BODY = YES;
				CLANG_WARN_ENUM_CONVERSION = YES;
				CLANG_WARN_INFINITE_RECURSION = YES;
				CLANG_WARN_INT_CONVERSION = YES;
				CLANG_WARN_NON_LITERAL_NULL_CONVERSION = YES;
				CLANG_WARN_OBJC_IMPLICIT_RETAIN_SELF = YES;
				CLANG_WARN_OBJC_LITERAL_CONVERSION = YES;
				CLANG_WARN_OBJC_ROOT_CLASS = YES_ERROR;
				CLANG_WARN_QUOTED_INCLUDE_IN_FRAMEWORK_HEADER = YES;
				CLANG_WARN_RANGE_LOOP_ANALYSIS = YES;
				CLANG_WARN_STRICT_PROTOTYPES = YES;
				CLANG_WARN_SUSPICIOUS_MOVE = YES;
				CLANG_WARN_UNGUARDED_AVAILABILITY = YES_AGGRESSIVE;
				CLANG_WARN_UNREACHABLE_CODE = YES;
				CLANG_WARN__DUPLICATE_METHOD_MATCH = YES;
				COPY_PHASE_STRIP = NO;
				CURRENT_PROJECT_VERSION = 1;
				DEBUG_INFORMATION_FORMAT = dwarf;
				ENABLE_STRICT_OBJC_MSGSEND = YES;
				ENABLE_TESTABILITY = YES;
				GCC_C_LANGUAGE_STANDARD = gnu11;
				GCC_DYNAMIC_NO_PIC = NO;
				GCC_NO_COMMON_BLOCKS = YES;
				GCC_OPTIMIZATION_LEVEL = 0;
				GCC_PREPROCESSOR_DEFINITIONS = (
					"DEBUG=1",
					"$(inherited)",
				);
				GCC_WARN_64_TO_32_BIT_CONVERSION = YES;
				GCC_WARN_ABOUT_RETURN_TYPE = YES_ERROR;
				GCC_WARN_UNDECLARED_SELECTOR = YES;
				GCC_WARN_UNINITIALIZED_AUTOS = YES_AGGRESSIVE;
				GCC_WARN_UNUSED_FUNCTION = YES;
				GCC_WARN_UNUSED_VARIABLE = YES;
				IPHONEOS_DEPLOYMENT_TARGET = 16.2;
				MTL_ENABLE_DEBUG_INFO = INCLUDE_SOURCE;
				MTL_FAST_MATH = YES;
				ONLY_ACTIVE_ARCH = YES;
				SDKROOT = iphoneos;
				SWIFT_ACTIVE_COMPILATION_CONDITIONS = DEBUG;
				SWIFT_OPTIMIZATION_LEVEL = "-Onone";
				VERSIONING_SYSTEM = "apple-generic";
				VERSION_INFO_PREFIX = "";
			};
			name = Debug;
		};
		6AD3060D29CEFBB800C3531F /* Release */ = {
			isa = XCBuildConfiguration;
			buildSettings = {
				ALWAYS_SEARCH_USER_PATHS = NO;
				CLANG_ANALYZER_NONNULL = YES;
				CLANG_ANALYZER_NUMBER_OBJECT_CONVERSION = YES_AGGRESSIVE;
				CLANG_CXX_LANGUAGE_STANDARD = "gnu++20";
				CLANG_ENABLE_MODULES = YES;
				CLANG_ENABLE_OBJC_ARC = YES;
				CLANG_ENABLE_OBJC_WEAK = YES;
				CLANG_WARN_BLOCK_CAPTURE_AUTORELEASING = YES;
				CLANG_WARN_BOOL_CONVERSION = YES;
				CLANG_WARN_COMMA = YES;
				CLANG_WARN_CONSTANT_CONVERSION = YES;
				CLANG_WARN_DEPRECATED_OBJC_IMPLEMENTATIONS = YES;
				CLANG_WARN_DIRECT_OBJC_ISA_USAGE = YES_ERROR;
				CLANG_WARN_DOCUMENTATION_COMMENTS = YES;
				CLANG_WARN_EMPTY_BODY = YES;
				CLANG_WARN_ENUM_CONVERSION = YES;
				CLANG_WARN_INFINITE_RECURSION = YES;
				CLANG_WARN_INT_CONVERSION = YES;
				CLANG_WARN_NON_LITERAL_NULL_CONVERSION = YES;
				CLANG_WARN_OBJC_IMPLICIT_RETAIN_SELF = YES;
				CLANG_WARN_OBJC_LITERAL_CONVERSION = YES;
				CLANG_WARN_OBJC_ROOT_CLASS = YES_ERROR;
				CLANG_WARN_QUOTED_INCLUDE_IN_FRAMEWORK_HEADER = YES;
				CLANG_WARN_RANGE_LOOP_ANALYSIS = YES;
				CLANG_WARN_STRICT_PROTOTYPES = YES;
				CLANG_WARN_SUSPICIOUS_MOVE = YES;
				CLANG_WARN_UNGUARDED_AVAILABILITY = YES_AGGRESSIVE;
				CLANG_WARN_UNREACHABLE_CODE = YES;
				CLANG_WARN__DUPLICATE_METHOD_MATCH = YES;
				COPY_PHASE_STRIP = NO;
				CURRENT_PROJECT_VERSION = 1;
				DEBUG_INFORMATION_FORMAT = "dwarf-with-dsym";
				ENABLE_NS_ASSERTIONS = NO;
				ENABLE_STRICT_OBJC_MSGSEND = YES;
				GCC_C_LANGUAGE_STANDARD = gnu11;
				GCC_NO_COMMON_BLOCKS = YES;
				GCC_WARN_64_TO_32_BIT_CONVERSION = YES;
				GCC_WARN_ABOUT_RETURN_TYPE = YES_ERROR;
				GCC_WARN_UNDECLARED_SELECTOR = YES;
				GCC_WARN_UNINITIALIZED_AUTOS = YES_AGGRESSIVE;
				GCC_WARN_UNUSED_FUNCTION = YES;
				GCC_WARN_UNUSED_VARIABLE = YES;
				IPHONEOS_DEPLOYMENT_TARGET = 16.2;
				MTL_ENABLE_DEBUG_INFO = NO;
				MTL_FAST_MATH = YES;
				SDKROOT = iphoneos;
				SWIFT_COMPILATION_MODE = wholemodule;
				SWIFT_OPTIMIZATION_LEVEL = "-O";
				VALIDATE_PRODUCT = YES;
				VERSIONING_SYSTEM = "apple-generic";
				VERSION_INFO_PREFIX = "";
			};
			name = Release;
		};
		6AD3060F29CEFBB800C3531F /* Debug */ = {
			isa = XCBuildConfiguration;
			buildSettings = {
				CODE_SIGN_STYLE = Automatic;
				CURRENT_PROJECT_VERSION = 1;
				DEFINES_MODULE = YES;
				DEVELOPMENT_TEAM = CU5DL5JJWC;
				DYLIB_COMPATIBILITY_VERSION = 1;
				DYLIB_CURRENT_VERSION = 1;
				DYLIB_INSTALL_NAME_BASE = "@rpath";
				GENERATE_INFOPLIST_FILE = YES;
				INFOPLIST_KEY_NSHumanReadableCopyright = "";
				INSTALL_PATH = "$(LOCAL_LIBRARY_DIR)/Frameworks";
				LD_RUNPATH_SEARCH_PATHS = (
					"$(inherited)",
					"@executable_path/Frameworks",
					"@loader_path/Frameworks",
				);
				MARKETING_VERSION = 1.0;
				PRODUCT_BUNDLE_IDENTIFIER = com.ghdps.ImageEditDomain;
				PRODUCT_NAME = "$(TARGET_NAME:c99extidentifier)";
				SKIP_INSTALL = YES;
				SWIFT_EMIT_LOC_STRINGS = YES;
				SWIFT_VERSION = 5.0;
				TARGETED_DEVICE_FAMILY = "1,2";
			};
			name = Debug;
		};
		6AD3061029CEFBB800C3531F /* Release */ = {
			isa = XCBuildConfiguration;
			buildSettings = {
				CODE_SIGN_STYLE = Automatic;
				CURRENT_PROJECT_VERSION = 1;
				DEFINES_MODULE = YES;
				DEVELOPMENT_TEAM = CU5DL5JJWC;
				DYLIB_COMPATIBILITY_VERSION = 1;
				DYLIB_CURRENT_VERSION = 1;
				DYLIB_INSTALL_NAME_BASE = "@rpath";
				GENERATE_INFOPLIST_FILE = YES;
				INFOPLIST_KEY_NSHumanReadableCopyright = "";
				INSTALL_PATH = "$(LOCAL_LIBRARY_DIR)/Frameworks";
				LD_RUNPATH_SEARCH_PATHS = (
					"$(inherited)",
					"@executable_path/Frameworks",
					"@loader_path/Frameworks",
				);
				MARKETING_VERSION = 1.0;
				PRODUCT_BUNDLE_IDENTIFIER = com.ghdps.ImageEditDomain;
				PRODUCT_NAME = "$(TARGET_NAME:c99extidentifier)";
				SKIP_INSTALL = YES;
				SWIFT_EMIT_LOC_STRINGS = YES;
				SWIFT_VERSION = 5.0;
				TARGETED_DEVICE_FAMILY = "1,2";
			};
			name = Release;
		};
/* End XCBuildConfiguration section */

/* Begin XCConfigurationList section */
		6AD3060129CEFBB800C3531F /* Build configuration list for PBXProject "ImageEditDomain" */ = {
			isa = XCConfigurationList;
			buildConfigurations = (
				6AD3060C29CEFBB800C3531F /* Debug */,
				6AD3060D29CEFBB800C3531F /* Release */,
			);
			defaultConfigurationIsVisible = 0;
			defaultConfigurationName = Release;
		};
		6AD3060E29CEFBB800C3531F /* Build configuration list for PBXNativeTarget "ImageEditDomain" */ = {
			isa = XCConfigurationList;
			buildConfigurations = (
				6AD3060F29CEFBB800C3531F /* Debug */,
				6AD3061029CEFBB800C3531F /* Release */,
			);
			defaultConfigurationIsVisible = 0;
			defaultConfigurationName = Release;
		};
/* End XCConfigurationList section */
	};
	rootObject = 6AD305FE29CEFBB800C3531F /* Project object */;
}
