// !$*UTF8*$!
{
	archiveVersion = 1;
	classes = {
	};
	objectVersion = 56;
	objects = {

/* Begin PBXBuildFile section */
		6A6AF9F429CD4F8200B44FE8 /* PhotoPickerDomain.h in Headers */ = {isa = PBXBuildFile; fileRef = 6A6AF9F329CD4F8200B44FE8 /* PhotoPickerDomain.h */; settings = {ATTRIBUTES = (Public, ); }; };
		6A6AFA1629CD4FEB00B44FE8 /* PhotoPickerMapper.swift in Sources */ = {isa = PBXBuildFile; fileRef = 6A6AFA1029CD4FEA00B44FE8 /* PhotoPickerMapper.swift */; };
		6A6AFA1729CD4FEC00B44FE8 /* PhotoPickerPresenter.swift in Sources */ = {isa = PBXBuildFile; fileRef = 6A6AFA1129CD4FEA00B44FE8 /* PhotoPickerPresenter.swift */; };
		6A6AFA1829CD4FEC00B44FE8 /* PhotoPickerRouter.swift in Sources */ = {isa = PBXBuildFile; fileRef = 6A6AFA1229CD4FEA00B44FE8 /* PhotoPickerRouter.swift */; };
		6A6AFA1929CD4FEC00B44FE8 /* PhotoPickerBuilder.swift in Sources */ = {isa = PBXBuildFile; fileRef = 6A6AFA1329CD4FEA00B44FE8 /* PhotoPickerBuilder.swift */; };
		6A6AFA1A29CD4FEC00B44FE8 /* PhotoPickerInteractor.swift in Sources */ = {isa = PBXBuildFile; fileRef = 6A6AFA1429CD4FEA00B44FE8 /* PhotoPickerInteractor.swift */; };
		6A6AFA1B29CD4FEC00B44FE8 /* PhotoPickerStateAction.swift in Sources */ = {isa = PBXBuildFile; fileRef = 6A6AFA1529CD4FEA00B44FE8 /* PhotoPickerStateAction.swift */; };
/* End PBXBuildFile section */

/* Begin PBXFileReference section */
		6A6AF9F029CD4F8200B44FE8 /* PhotoPickerDomain.framework */ = {isa = PBXFileReference; explicitFileType = wrapper.framework; includeInIndex = 0; path = PhotoPickerDomain.framework; sourceTree = BUILT_PRODUCTS_DIR; };
		6A6AF9F329CD4F8200B44FE8 /* PhotoPickerDomain.h */ = {isa = PBXFileReference; lastKnownFileType = sourcecode.c.h; path = PhotoPickerDomain.h; sourceTree = "<group>"; };
		6A6AFA1029CD4FEA00B44FE8 /* PhotoPickerMapper.swift */ = {isa = PBXFileReference; lastKnownFileType = sourcecode.swift; path = PhotoPickerMapper.swift; sourceTree = "<group>"; };
		6A6AFA1129CD4FEA00B44FE8 /* PhotoPickerPresenter.swift */ = {isa = PBXFileReference; lastKnownFileType = sourcecode.swift; path = PhotoPickerPresenter.swift; sourceTree = "<group>"; };
		6A6AFA1229CD4FEA00B44FE8 /* PhotoPickerRouter.swift */ = {isa = PBXFileReference; lastKnownFileType = sourcecode.swift; path = PhotoPickerRouter.swift; sourceTree = "<group>"; };
		6A6AFA1329CD4FEA00B44FE8 /* PhotoPickerBuilder.swift */ = {isa = PBXFileReference; lastKnownFileType = sourcecode.swift; path = PhotoPickerBuilder.swift; sourceTree = "<group>"; };
		6A6AFA1429CD4FEA00B44FE8 /* PhotoPickerInteractor.swift */ = {isa = PBXFileReference; lastKnownFileType = sourcecode.swift; path = PhotoPickerInteractor.swift; sourceTree = "<group>"; };
		6A6AFA1529CD4FEA00B44FE8 /* PhotoPickerStateAction.swift */ = {isa = PBXFileReference; lastKnownFileType = sourcecode.swift; path = PhotoPickerStateAction.swift; sourceTree = "<group>"; };
/* End PBXFileReference section */

/* Begin PBXFrameworksBuildPhase section */
		6A6AF9ED29CD4F8100B44FE8 /* Frameworks */ = {
			isa = PBXFrameworksBuildPhase;
			buildActionMask = 2147483647;
			files = (
			);
			runOnlyForDeploymentPostprocessing = 0;
		};
/* End PBXFrameworksBuildPhase section */

/* Begin PBXGroup section */
		6A6AF9E629CD4F8100B44FE8 = {
			isa = PBXGroup;
			children = (
				6A6AF9F229CD4F8200B44FE8 /* PhotoPickerDomain */,
				6A6AF9F129CD4F8200B44FE8 /* Products */,
			);
			sourceTree = "<group>";
		};
		6A6AF9F129CD4F8200B44FE8 /* Products */ = {
			isa = PBXGroup;
			children = (
				6A6AF9F029CD4F8200B44FE8 /* PhotoPickerDomain.framework */,
			);
			name = Products;
			sourceTree = "<group>";
		};
		6A6AF9F229CD4F8200B44FE8 /* PhotoPickerDomain */ = {
			isa = PBXGroup;
			children = (
				6A6AF9F329CD4F8200B44FE8 /* PhotoPickerDomain.h */,
				6A6AFA1029CD4FEA00B44FE8 /* PhotoPickerMapper.swift */,
				6A6AFA1129CD4FEA00B44FE8 /* PhotoPickerPresenter.swift */,
				6A6AFA1229CD4FEA00B44FE8 /* PhotoPickerRouter.swift */,
				6A6AFA1329CD4FEA00B44FE8 /* PhotoPickerBuilder.swift */,
				6A6AFA1429CD4FEA00B44FE8 /* PhotoPickerInteractor.swift */,
				6A6AFA1529CD4FEA00B44FE8 /* PhotoPickerStateAction.swift */,
			);
			path = PhotoPickerDomain;
			sourceTree = "<group>";
		};
/* End PBXGroup section */

/* Begin PBXHeadersBuildPhase section */
		6A6AF9EB29CD4F8100B44FE8 /* Headers */ = {
			isa = PBXHeadersBuildPhase;
			buildActionMask = 2147483647;
			files = (
				6A6AF9F429CD4F8200B44FE8 /* PhotoPickerDomain.h in Headers */,
			);
			runOnlyForDeploymentPostprocessing = 0;
		};
/* End PBXHeadersBuildPhase section */

/* Begin PBXNativeTarget section */
		6A6AF9EF29CD4F8100B44FE8 /* PhotoPickerDomain */ = {
			isa = PBXNativeTarget;
			buildConfigurationList = 6A6AF9F729CD4F8200B44FE8 /* Build configuration list for PBXNativeTarget "PhotoPickerDomain" */;
			buildPhases = (
				6A6AF9EB29CD4F8100B44FE8 /* Headers */,
				6A6AF9EC29CD4F8100B44FE8 /* Sources */,
				6A6AF9ED29CD4F8100B44FE8 /* Frameworks */,
				6A6AF9EE29CD4F8100B44FE8 /* Resources */,
			);
			buildRules = (
			);
			dependencies = (
			);
			name = PhotoPickerDomain;
			productName = PhotoPickerDomain;
			productReference = 6A6AF9F029CD4F8200B44FE8 /* PhotoPickerDomain.framework */;
			productType = "com.apple.product-type.framework";
		};
/* End PBXNativeTarget section */

/* Begin PBXProject section */
		6A6AF9E729CD4F8100B44FE8 /* Project object */ = {
			isa = PBXProject;
			attributes = {
				BuildIndependentTargetsInParallel = 1;
				LastUpgradeCheck = 1420;
				TargetAttributes = {
					6A6AF9EF29CD4F8100B44FE8 = {
						CreatedOnToolsVersion = 14.2;
					};
				};
			};
			buildConfigurationList = 6A6AF9EA29CD4F8100B44FE8 /* Build configuration list for PBXProject "PhotoPickerDomain" */;
			compatibilityVersion = "Xcode 14.0";
			developmentRegion = en;
			hasScannedForEncodings = 0;
			knownRegions = (
				en,
				Base,
			);
			mainGroup = 6A6AF9E629CD4F8100B44FE8;
			productRefGroup = 6A6AF9F129CD4F8200B44FE8 /* Products */;
			projectDirPath = "";
			projectRoot = "";
			targets = (
				6A6AF9EF29CD4F8100B44FE8 /* PhotoPickerDomain */,
			);
		};
/* End PBXProject section */

/* Begin PBXResourcesBuildPhase section */
		6A6AF9EE29CD4F8100B44FE8 /* Resources */ = {
			isa = PBXResourcesBuildPhase;
			buildActionMask = 2147483647;
			files = (
			);
			runOnlyForDeploymentPostprocessing = 0;
		};
/* End PBXResourcesBuildPhase section */

/* Begin PBXSourcesBuildPhase section */
		6A6AF9EC29CD4F8100B44FE8 /* Sources */ = {
			isa = PBXSourcesBuildPhase;
			buildActionMask = 2147483647;
			files = (
				6A6AFA1B29CD4FEC00B44FE8 /* PhotoPickerStateAction.swift in Sources */,
				6A6AFA1629CD4FEB00B44FE8 /* PhotoPickerMapper.swift in Sources */,
				6A6AFA1829CD4FEC00B44FE8 /* PhotoPickerRouter.swift in Sources */,
				6A6AFA1929CD4FEC00B44FE8 /* PhotoPickerBuilder.swift in Sources */,
				6A6AFA1A29CD4FEC00B44FE8 /* PhotoPickerInteractor.swift in Sources */,
				6A6AFA1729CD4FEC00B44FE8 /* PhotoPickerPresenter.swift in Sources */,
			);
			runOnlyForDeploymentPostprocessing = 0;
		};
/* End PBXSourcesBuildPhase section */

/* Begin XCBuildConfiguration section */
		6A6AF9F529CD4F8200B44FE8 /* Debug */ = {
			isa = XCBuildConfiguration;
			buildSettings = {
				ALWAYS_SEARCH_USER_PATHS = NO;
				CLANG_ANALYZER_NONNULL = YES;
				CLANG_ANALYZER_NUMBER_OBJECT_CONVERSION = YES_AGGRESSIVE;
				CLANG_CXX_LANGUAGE_STANDARD = "gnu++20";
				CLANG_ENABLE_MODULES = YES;
				CLANG_ENABLE_OBJC_ARC = YES;
				CLANG_ENABLE_OBJC_WEAK = YES;
				CLANG_WARN_BLOCK_CAPTURE_AUTORELEASING = YES;
				CLANG_WARN_BOOL_CONVERSION = YES;
				CLANG_WARN_COMMA = YES;
				CLANG_WARN_CONSTANT_CONVERSION = YES;
				CLANG_WARN_DEPRECATED_OBJC_IMPLEMENTATIONS = YES;
				CLANG_WARN_DIRECT_OBJC_ISA_USAGE = YES_ERROR;
				CLANG_WARN_DOCUMENTATION_COMMENTS = YES;
				CLANG_WARN_EMPTY_BODY = YES;
				CLANG_WARN_ENUM_CONVERSION = YES;
				CLANG_WARN_INFINITE_RECURSION = YES;
				CLANG_WARN_INT_CONVERSION = YES;
				CLANG_WARN_NON_LITERAL_NULL_CONVERSION = YES;
				CLANG_WARN_OBJC_IMPLICIT_RETAIN_SELF = YES;
				CLANG_WARN_OBJC_LITERAL_CONVERSION = YES;
				CLANG_WARN_OBJC_ROOT_CLASS = YES_ERROR;
				CLANG_WARN_QUOTED_INCLUDE_IN_FRAMEWORK_HEADER = YES;
				CLANG_WARN_RANGE_LOOP_ANALYSIS = YES;
				CLANG_WARN_STRICT_PROTOTYPES = YES;
				CLANG_WARN_SUSPICIOUS_MOVE = YES;
				CLANG_WARN_UNGUARDED_AVAILABILITY = YES_AGGRESSIVE;
				CLANG_WARN_UNREACHABLE_CODE = YES;
				CLANG_WARN__DUPLICATE_METHOD_MATCH = YES;
				COPY_PHASE_STRIP = NO;
				CURRENT_PROJECT_VERSION = 1;
				DEBUG_INFORMATION_FORMAT = dwarf;
				ENABLE_STRICT_OBJC_MSGSEND = YES;
				ENABLE_TESTABILITY = YES;
				GCC_C_LANGUAGE_STANDARD = gnu11;
				GCC_DYNAMIC_NO_PIC = NO;
				GCC_NO_COMMON_BLOCKS = YES;
				GCC_OPTIMIZATION_LEVEL = 0;
				GCC_PREPROCESSOR_DEFINITIONS = (
					"DEBUG=1",
					"$(inherited)",
				);
				GCC_WARN_64_TO_32_BIT_CONVERSION = YES;
				GCC_WARN_ABOUT_RETURN_TYPE = YES_ERROR;
				GCC_WARN_UNDECLARED_SELECTOR = YES;
				GCC_WARN_UNINITIALIZED_AUTOS = YES_AGGRESSIVE;
				GCC_WARN_UNUSED_FUNCTION = YES;
				GCC_WARN_UNUSED_VARIABLE = YES;
				IPHONEOS_DEPLOYMENT_TARGET = 16.2;
				MTL_ENABLE_DEBUG_INFO = INCLUDE_SOURCE;
				MTL_FAST_MATH = YES;
				ONLY_ACTIVE_ARCH = YES;
				SDKROOT = iphoneos;
				SWIFT_ACTIVE_COMPILATION_CONDITIONS = DEBUG;
				SWIFT_OPTIMIZATION_LEVEL = "-Onone";
				VERSIONING_SYSTEM = "apple-generic";
				VERSION_INFO_PREFIX = "";
			};
			name = Debug;
		};
		6A6AF9F629CD4F8200B44FE8 /* Release */ = {
			isa = XCBuildConfiguration;
			buildSettings = {
				ALWAYS_SEARCH_USER_PATHS = NO;
				CLANG_ANALYZER_NONNULL = YES;
				CLANG_ANALYZER_NUMBER_OBJECT_CONVERSION = YES_AGGRESSIVE;
				CLANG_CXX_LANGUAGE_STANDARD = "gnu++20";
				CLANG_ENABLE_MODULES = YES;
				CLANG_ENABLE_OBJC_ARC = YES;
				CLANG_ENABLE_OBJC_WEAK = YES;
				CLANG_WARN_BLOCK_CAPTURE_AUTORELEASING = YES;
				CLANG_WARN_BOOL_CONVERSION = YES;
				CLANG_WARN_COMMA = YES;
				CLANG_WARN_CONSTANT_CONVERSION = YES;
				CLANG_WARN_DEPRECATED_OBJC_IMPLEMENTATIONS = YES;
				CLANG_WARN_DIRECT_OBJC_ISA_USAGE = YES_ERROR;
				CLANG_WARN_DOCUMENTATION_COMMENTS = YES;
				CLANG_WARN_EMPTY_BODY = YES;
				CLANG_WARN_ENUM_CONVERSION = YES;
				CLANG_WARN_INFINITE_RECURSION = YES;
				CLANG_WARN_INT_CONVERSION = YES;
				CLANG_WARN_NON_LITERAL_NULL_CONVERSION = YES;
				CLANG_WARN_OBJC_IMPLICIT_RETAIN_SELF = YES;
				CLANG_WARN_OBJC_LITERAL_CONVERSION = YES;
				CLANG_WARN_OBJC_ROOT_CLASS = YES_ERROR;
				CLANG_WARN_QUOTED_INCLUDE_IN_FRAMEWORK_HEADER = YES;
				CLANG_WARN_RANGE_LOOP_ANALYSIS = YES;
				CLANG_WARN_STRICT_PROTOTYPES = YES;
				CLANG_WARN_SUSPICIOUS_MOVE = YES;
				CLANG_WARN_UNGUARDED_AVAILABILITY = YES_AGGRESSIVE;
				CLANG_WARN_UNREACHABLE_CODE = YES;
				CLANG_WARN__DUPLICATE_METHOD_MATCH = YES;
				COPY_PHASE_STRIP = NO;
				CURRENT_PROJECT_VERSION = 1;
				DEBUG_INFORMATION_FORMAT = "dwarf-with-dsym";
				ENABLE_NS_ASSERTIONS = NO;
				ENABLE_STRICT_OBJC_MSGSEND = YES;
				GCC_C_LANGUAGE_STANDARD = gnu11;
				GCC_NO_COMMON_BLOCKS = YES;
				GCC_WARN_64_TO_32_BIT_CONVERSION = YES;
				GCC_WARN_ABOUT_RETURN_TYPE = YES_ERROR;
				GCC_WARN_UNDECLARED_SELECTOR = YES;
				GCC_WARN_UNINITIALIZED_AUTOS = YES_AGGRESSIVE;
				GCC_WARN_UNUSED_FUNCTION = YES;
				GCC_WARN_UNUSED_VARIABLE = YES;
				IPHONEOS_DEPLOYMENT_TARGET = 16.2;
				MTL_ENABLE_DEBUG_INFO = NO;
				MTL_FAST_MATH = YES;
				SDKROOT = iphoneos;
				SWIFT_COMPILATION_MODE = wholemodule;
				SWIFT_OPTIMIZATION_LEVEL = "-O";
				VALIDATE_PRODUCT = YES;
				VERSIONING_SYSTEM = "apple-generic";
				VERSION_INFO_PREFIX = "";
			};
			name = Release;
		};
		6A6AF9F829CD4F8200B44FE8 /* Debug */ = {
			isa = XCBuildConfiguration;
			buildSettings = {
				CODE_SIGN_STYLE = Automatic;
				CURRENT_PROJECT_VERSION = 1;
				DEFINES_MODULE = YES;
				DEVELOPMENT_TEAM = CU5DL5JJWC;
				DYLIB_COMPATIBILITY_VERSION = 1;
				DYLIB_CURRENT_VERSION = 1;
				DYLIB_INSTALL_NAME_BASE = "@rpath";
				GENERATE_INFOPLIST_FILE = YES;
				INFOPLIST_KEY_NSHumanReadableCopyright = "";
				INSTALL_PATH = "$(LOCAL_LIBRARY_DIR)/Frameworks";
				LD_RUNPATH_SEARCH_PATHS = (
					"$(inherited)",
					"@executable_path/Frameworks",
					"@loader_path/Frameworks",
				);
				MACH_O_TYPE = staticlib;
				MARKETING_VERSION = 1.0;
				PRODUCT_BUNDLE_IDENTIFIER = com.ghdps.PhotoPickerDomain;
				PRODUCT_NAME = "$(TARGET_NAME:c99extidentifier)";
				SKIP_INSTALL = YES;
				SWIFT_EMIT_LOC_STRINGS = YES;
				SWIFT_VERSION = 5.0;
				TARGETED_DEVICE_FAMILY = "1,2";
			};
			name = Debug;
		};
		6A6AF9F929CD4F8200B44FE8 /* Release */ = {
			isa = XCBuildConfiguration;
			buildSettings = {
				CODE_SIGN_STYLE = Automatic;
				CURRENT_PROJECT_VERSION = 1;
				DEFINES_MODULE = YES;
				DEVELOPMENT_TEAM = CU5DL5JJWC;
				DYLIB_COMPATIBILITY_VERSION = 1;
				DYLIB_CURRENT_VERSION = 1;
				DYLIB_INSTALL_NAME_BASE = "@rpath";
				GENERATE_INFOPLIST_FILE = YES;
				INFOPLIST_KEY_NSHumanReadableCopyright = "";
				INSTALL_PATH = "$(LOCAL_LIBRARY_DIR)/Frameworks";
				LD_RUNPATH_SEARCH_PATHS = (
					"$(inherited)",
					"@executable_path/Frameworks",
					"@loader_path/Frameworks",
				);
				MACH_O_TYPE = staticlib;
				MARKETING_VERSION = 1.0;
				PRODUCT_BUNDLE_IDENTIFIER = com.ghdps.PhotoPickerDomain;
				PRODUCT_NAME = "$(TARGET_NAME:c99extidentifier)";
				SKIP_INSTALL = YES;
				SWIFT_EMIT_LOC_STRINGS = YES;
				SWIFT_VERSION = 5.0;
				TARGETED_DEVICE_FAMILY = "1,2";
			};
			name = Release;
		};
/* End XCBuildConfiguration section */

/* Begin XCConfigurationList section */
		6A6AF9EA29CD4F8100B44FE8 /* Build configuration list for PBXProject "PhotoPickerDomain" */ = {
			isa = XCConfigurationList;
			buildConfigurations = (
				6A6AF9F529CD4F8200B44FE8 /* Debug */,
				6A6AF9F629CD4F8200B44FE8 /* Release */,
			);
			defaultConfigurationIsVisible = 0;
			defaultConfigurationName = Release;
		};
		6A6AF9F729CD4F8200B44FE8 /* Build configuration list for PBXNativeTarget "PhotoPickerDomain" */ = {
			isa = XCConfigurationList;
			buildConfigurations = (
				6A6AF9F829CD4F8200B44FE8 /* Debug */,
				6A6AF9F929CD4F8200B44FE8 /* Release */,
			);
			defaultConfigurationIsVisible = 0;
			defaultConfigurationName = Release;
		};
/* End XCConfigurationList section */
	};
	rootObject = 6A6AF9E729CD4F8100B44FE8 /* Project object */;
}
