// !$*UTF8*$!
{
	archiveVersion = 1;
	classes = {
	};
	objectVersion = 56;
	objects = {

/* Begin PBXBuildFile section */
		6A78EB6C29D6C71800994F8B /* ThirdPartyLibraryManager.framework in Frameworks */ = {isa = PBXBuildFile; fileRef = 6A78EB6B29D6C71800994F8B /* ThirdPartyLibraryManager.framework */; };
		6A78EB9629D71E9400994F8B /* FormDataHelper.swift in Sources */ = {isa = PBXBuildFile; fileRef = 6A78EB9529D71E9400994F8B /* FormDataHelper.swift */; };
		6A78EB9829D7385300994F8B /* FormData.swift in Sources */ = {isa = PBXBuildFile; fileRef = 6A78EB9729D7385300994F8B /* FormData.swift */; };
		6A78EB9A29D7A94200994F8B /* Util.framework in Frameworks */ = {isa = PBXBuildFile; fileRef = 6A78EB9929D7A94200994F8B /* Util.framework */; };
		6AD550BD29C6E8D90035A8C5 /* RESTAPI.h in Headers */ = {isa = PBXBuildFile; fileRef = 6AD550BC29C6E8D90035A8C5 /* RESTAPI.h */; settings = {ATTRIBUTES = (Public, ); }; };
		6AD550C429C6E92E0035A8C5 /* HTTPNetwork.swift in Sources */ = {isa = PBXBuildFile; fileRef = 6AD550C329C6E92E0035A8C5 /* HTTPNetwork.swift */; };
		6AD550C629C6EFEF0035A8C5 /* EndPoint.swift in Sources */ = {isa = PBXBuildFile; fileRef = 6AD550C529C6EFEF0035A8C5 /* EndPoint.swift */; };
		6AD550C829C6F0B40035A8C5 /* HTTPNetworkError.swift in Sources */ = {isa = PBXBuildFile; fileRef = 6AD550C729C6F0B40035A8C5 /* HTTPNetworkError.swift */; };
		6AD550EB29C6F9DE0035A8C5 /* HTTPMethod.swift in Sources */ = {isa = PBXBuildFile; fileRef = 6AD550EA29C6F9DD0035A8C5 /* HTTPMethod.swift */; };
/* End PBXBuildFile section */

/* Begin PBXFileReference section */
		6A78EB6B29D6C71800994F8B /* ThirdPartyLibraryManager.framework */ = {isa = PBXFileReference; explicitFileType = wrapper.framework; path = ThirdPartyLibraryManager.framework; sourceTree = BUILT_PRODUCTS_DIR; };
		6A78EB9529D71E9400994F8B /* FormDataHelper.swift */ = {isa = PBXFileReference; lastKnownFileType = sourcecode.swift; path = FormDataHelper.swift; sourceTree = "<group>"; };
		6A78EB9729D7385300994F8B /* FormData.swift */ = {isa = PBXFileReference; lastKnownFileType = sourcecode.swift; path = FormData.swift; sourceTree = "<group>"; };
		6A78EB9929D7A94200994F8B /* Util.framework */ = {isa = PBXFileReference; explicitFileType = wrapper.framework; path = Util.framework; sourceTree = BUILT_PRODUCTS_DIR; };
		6AD550B929C6E8D90035A8C5 /* RESTAPI.framework */ = {isa = PBXFileReference; explicitFileType = wrapper.framework; includeInIndex = 0; path = RESTAPI.framework; sourceTree = BUILT_PRODUCTS_DIR; };
		6AD550BC29C6E8D90035A8C5 /* RESTAPI.h */ = {isa = PBXFileReference; lastKnownFileType = sourcecode.c.h; path = RESTAPI.h; sourceTree = "<group>"; };
		6AD550C329C6E92E0035A8C5 /* HTTPNetwork.swift */ = {isa = PBXFileReference; lastKnownFileType = sourcecode.swift; path = HTTPNetwork.swift; sourceTree = "<group>"; };
		6AD550C529C6EFEF0035A8C5 /* EndPoint.swift */ = {isa = PBXFileReference; lastKnownFileType = sourcecode.swift; path = EndPoint.swift; sourceTree = "<group>"; };
		6AD550C729C6F0B40035A8C5 /* HTTPNetworkError.swift */ = {isa = PBXFileReference; lastKnownFileType = sourcecode.swift; path = HTTPNetworkError.swift; sourceTree = "<group>"; };
		6AD550EA29C6F9DD0035A8C5 /* HTTPMethod.swift */ = {isa = PBXFileReference; lastKnownFileType = sourcecode.swift; path = HTTPMethod.swift; sourceTree = "<group>"; };
/* End PBXFileReference section */

/* Begin PBXFrameworksBuildPhase section */
		6AD550B629C6E8D90035A8C5 /* Frameworks */ = {
			isa = PBXFrameworksBuildPhase;
			buildActionMask = 2147483647;
			files = (
				6A78EB9A29D7A94200994F8B /* Util.framework in Frameworks */,
				6A78EB6C29D6C71800994F8B /* ThirdPartyLibraryManager.framework in Frameworks */,
			);
			runOnlyForDeploymentPostprocessing = 0;
		};
/* End PBXFrameworksBuildPhase section */

/* Begin PBXGroup section */
		6A78EB6A29D6C71800994F8B /* Frameworks */ = {
			isa = PBXGroup;
			children = (
				6A78EB9929D7A94200994F8B /* Util.framework */,
				6A78EB6B29D6C71800994F8B /* ThirdPartyLibraryManager.framework */,
			);
			name = Frameworks;
			sourceTree = "<group>";
		};
		6AD550AF29C6E8D90035A8C5 = {
			isa = PBXGroup;
			children = (
				6AD550BB29C6E8D90035A8C5 /* RESTAPI */,
				6AD550BA29C6E8D90035A8C5 /* Products */,
				6A78EB6A29D6C71800994F8B /* Frameworks */,
			);
			sourceTree = "<group>";
		};
		6AD550BA29C6E8D90035A8C5 /* Products */ = {
			isa = PBXGroup;
			children = (
				6AD550B929C6E8D90035A8C5 /* RESTAPI.framework */,
			);
			name = Products;
			sourceTree = "<group>";
		};
		6AD550BB29C6E8D90035A8C5 /* RESTAPI */ = {
			isa = PBXGroup;
			children = (
				6AD550BC29C6E8D90035A8C5 /* RESTAPI.h */,
				6A78EB9729D7385300994F8B /* FormData.swift */,
				6A78EB9529D71E9400994F8B /* FormDataHelper.swift */,
				6AD550EA29C6F9DD0035A8C5 /* HTTPMethod.swift */,
				6AD550C329C6E92E0035A8C5 /* HTTPNetwork.swift */,
				6AD550C729C6F0B40035A8C5 /* HTTPNetworkError.swift */,
				6AD550C529C6EFEF0035A8C5 /* EndPoint.swift */,
			);
			path = RESTAPI;
			sourceTree = "<group>";
		};
/* End PBXGroup section */

/* Begin PBXHeadersBuildPhase section */
		6AD550B429C6E8D90035A8C5 /* Headers */ = {
			isa = PBXHeadersBuildPhase;
			buildActionMask = 2147483647;
			files = (
				6AD550BD29C6E8D90035A8C5 /* RESTAPI.h in Headers */,
			);
			runOnlyForDeploymentPostprocessing = 0;
		};
/* End PBXHeadersBuildPhase section */

/* Begin PBXNativeTarget section */
		6AD550B829C6E8D90035A8C5 /* RESTAPI */ = {
			isa = PBXNativeTarget;
			buildConfigurationList = 6AD550C029C6E8D90035A8C5 /* Build configuration list for PBXNativeTarget "RESTAPI" */;
			buildPhases = (
				6AD550B429C6E8D90035A8C5 /* Headers */,
				6AD550B529C6E8D90035A8C5 /* Sources */,
				6AD550B629C6E8D90035A8C5 /* Frameworks */,
				6AD550B729C6E8D90035A8C5 /* Resources */,
			);
			buildRules = (
			);
			dependencies = (
			);
			name = RESTAPI;
			productName = RESTAPI;
			productReference = 6AD550B929C6E8D90035A8C5 /* RESTAPI.framework */;
			productType = "com.apple.product-type.framework";
		};
/* End PBXNativeTarget section */

/* Begin PBXProject section */
		6AD550B029C6E8D90035A8C5 /* Project object */ = {
			isa = PBXProject;
			attributes = {
				BuildIndependentTargetsInParallel = 1;
				LastUpgradeCheck = 1420;
				TargetAttributes = {
					6AD550B829C6E8D90035A8C5 = {
						CreatedOnToolsVersion = 14.2;
						LastSwiftMigration = 1420;
					};
				};
			};
			buildConfigurationList = 6AD550B329C6E8D90035A8C5 /* Build configuration list for PBXProject "RESTAPI" */;
			compatibilityVersion = "Xcode 14.0";
			developmentRegion = en;
			hasScannedForEncodings = 0;
			knownRegions = (
				en,
				Base,
			);
			mainGroup = 6AD550AF29C6E8D90035A8C5;
			productRefGroup = 6AD550BA29C6E8D90035A8C5 /* Products */;
			projectDirPath = "";
			projectRoot = "";
			targets = (
				6AD550B829C6E8D90035A8C5 /* RESTAPI */,
			);
		};
/* End PBXProject section */

/* Begin PBXResourcesBuildPhase section */
		6AD550B729C6E8D90035A8C5 /* Resources */ = {
			isa = PBXResourcesBuildPhase;
			buildActionMask = 2147483647;
			files = (
			);
			runOnlyForDeploymentPostprocessing = 0;
		};
/* End PBXResourcesBuildPhase section */

/* Begin PBXSourcesBuildPhase section */
		6AD550B529C6E8D90035A8C5 /* Sources */ = {
			isa = PBXSourcesBuildPhase;
			buildActionMask = 2147483647;
			files = (
				6AD550EB29C6F9DE0035A8C5 /* HTTPMethod.swift in Sources */,
				6AD550C629C6EFEF0035A8C5 /* EndPoint.swift in Sources */,
				6AD550C829C6F0B40035A8C5 /* HTTPNetworkError.swift in Sources */,
				6A78EB9629D71E9400994F8B /* FormDataHelper.swift in Sources */,
				6AD550C429C6E92E0035A8C5 /* HTTPNetwork.swift in Sources */,
				6A78EB9829D7385300994F8B /* FormData.swift in Sources */,
			);
			runOnlyForDeploymentPostprocessing = 0;
		};
/* End PBXSourcesBuildPhase section */

/* Begin XCBuildConfiguration section */
		6AD550BE29C6E8D90035A8C5 /* Debug */ = {
			isa = XCBuildConfiguration;
			buildSettings = {
				ALWAYS_SEARCH_USER_PATHS = NO;
				CLANG_ANALYZER_NONNULL = YES;
				CLANG_ANALYZER_NUMBER_OBJECT_CONVERSION = YES_AGGRESSIVE;
				CLANG_CXX_LANGUAGE_STANDARD = "gnu++20";
				CLANG_ENABLE_MODULES = YES;
				CLANG_ENABLE_OBJC_ARC = YES;
				CLANG_ENABLE_OBJC_WEAK = YES;
				CLANG_WARN_BLOCK_CAPTURE_AUTORELEASING = YES;
				CLANG_WARN_BOOL_CONVERSION = YES;
				CLANG_WARN_COMMA = YES;
				CLANG_WARN_CONSTANT_CONVERSION = YES;
				CLANG_WARN_DEPRECATED_OBJC_IMPLEMENTATIONS = YES;
				CLANG_WARN_DIRECT_OBJC_ISA_USAGE = YES_ERROR;
				CLANG_WARN_DOCUMENTATION_COMMENTS = YES;
				CLANG_WARN_EMPTY_BODY = YES;
				CLANG_WARN_ENUM_CONVERSION = YES;
				CLANG_WARN_INFINITE_RECURSION = YES;
				CLANG_WARN_INT_CONVERSION = YES;
				CLANG_WARN_NON_LITERAL_NULL_CONVERSION = YES;
				CLANG_WARN_OBJC_IMPLICIT_RETAIN_SELF = YES;
				CLANG_WARN_OBJC_LITERAL_CONVERSION = YES;
				CLANG_WARN_OBJC_ROOT_CLASS = YES_ERROR;
				CLANG_WARN_QUOTED_INCLUDE_IN_FRAMEWORK_HEADER = YES;
				CLANG_WARN_RANGE_LOOP_ANALYSIS = YES;
				CLANG_WARN_STRICT_PROTOTYPES = YES;
				CLANG_WARN_SUSPICIOUS_MOVE = YES;
				CLANG_WARN_UNGUARDED_AVAILABILITY = YES_AGGRESSIVE;
				CLANG_WARN_UNREACHABLE_CODE = YES;
				CLANG_WARN__DUPLICATE_METHOD_MATCH = YES;
				COPY_PHASE_STRIP = NO;
				CURRENT_PROJECT_VERSION = 1;
				DEBUG_INFORMATION_FORMAT = dwarf;
				ENABLE_STRICT_OBJC_MSGSEND = YES;
				ENABLE_TESTABILITY = YES;
				GCC_C_LANGUAGE_STANDARD = gnu11;
				GCC_DYNAMIC_NO_PIC = NO;
				GCC_NO_COMMON_BLOCKS = YES;
				GCC_OPTIMIZATION_LEVEL = 0;
				GCC_PREPROCESSOR_DEFINITIONS = (
					"DEBUG=1",
					"$(inherited)",
				);
				GCC_WARN_64_TO_32_BIT_CONVERSION = YES;
				GCC_WARN_ABOUT_RETURN_TYPE = YES_ERROR;
				GCC_WARN_UNDECLARED_SELECTOR = YES;
				GCC_WARN_UNINITIALIZED_AUTOS = YES_AGGRESSIVE;
				GCC_WARN_UNUSED_FUNCTION = YES;
				GCC_WARN_UNUSED_VARIABLE = YES;
				IPHONEOS_DEPLOYMENT_TARGET = 16.2;
				MTL_ENABLE_DEBUG_INFO = INCLUDE_SOURCE;
				MTL_FAST_MATH = YES;
				ONLY_ACTIVE_ARCH = YES;
				SDKROOT = iphoneos;
				SWIFT_ACTIVE_COMPILATION_CONDITIONS = DEBUG;
				SWIFT_OPTIMIZATION_LEVEL = "-Onone";
				VERSIONING_SYSTEM = "apple-generic";
				VERSION_INFO_PREFIX = "";
			};
			name = Debug;
		};
		6AD550BF29C6E8D90035A8C5 /* Release */ = {
			isa = XCBuildConfiguration;
			buildSettings = {
				ALWAYS_SEARCH_USER_PATHS = NO;
				CLANG_ANALYZER_NONNULL = YES;
				CLANG_ANALYZER_NUMBER_OBJECT_CONVERSION = YES_AGGRESSIVE;
				CLANG_CXX_LANGUAGE_STANDARD = "gnu++20";
				CLANG_ENABLE_MODULES = YES;
				CLANG_ENABLE_OBJC_ARC = YES;
				CLANG_ENABLE_OBJC_WEAK = YES;
				CLANG_WARN_BLOCK_CAPTURE_AUTORELEASING = YES;
				CLANG_WARN_BOOL_CONVERSION = YES;
				CLANG_WARN_COMMA = YES;
				CLANG_WARN_CONSTANT_CONVERSION = YES;
				CLANG_WARN_DEPRECATED_OBJC_IMPLEMENTATIONS = YES;
				CLANG_WARN_DIRECT_OBJC_ISA_USAGE = YES_ERROR;
				CLANG_WARN_DOCUMENTATION_COMMENTS = YES;
				CLANG_WARN_EMPTY_BODY = YES;
				CLANG_WARN_ENUM_CONVERSION = YES;
				CLANG_WARN_INFINITE_RECURSION = YES;
				CLANG_WARN_INT_CONVERSION = YES;
				CLANG_WARN_NON_LITERAL_NULL_CONVERSION = YES;
				CLANG_WARN_OBJC_IMPLICIT_RETAIN_SELF = YES;
				CLANG_WARN_OBJC_LITERAL_CONVERSION = YES;
				CLANG_WARN_OBJC_ROOT_CLASS = YES_ERROR;
				CLANG_WARN_QUOTED_INCLUDE_IN_FRAMEWORK_HEADER = YES;
				CLANG_WARN_RANGE_LOOP_ANALYSIS = YES;
				CLANG_WARN_STRICT_PROTOTYPES = YES;
				CLANG_WARN_SUSPICIOUS_MOVE = YES;
				CLANG_WARN_UNGUARDED_AVAILABILITY = YES_AGGRESSIVE;
				CLANG_WARN_UNREACHABLE_CODE = YES;
				CLANG_WARN__DUPLICATE_METHOD_MATCH = YES;
				COPY_PHASE_STRIP = NO;
				CURRENT_PROJECT_VERSION = 1;
				DEBUG_INFORMATION_FORMAT = "dwarf-with-dsym";
				ENABLE_NS_ASSERTIONS = NO;
				ENABLE_STRICT_OBJC_MSGSEND = YES;
				GCC_C_LANGUAGE_STANDARD = gnu11;
				GCC_NO_COMMON_BLOCKS = YES;
				GCC_WARN_64_TO_32_BIT_CONVERSION = YES;
				GCC_WARN_ABOUT_RETURN_TYPE = YES_ERROR;
				GCC_WARN_UNDECLARED_SELECTOR = YES;
				GCC_WARN_UNINITIALIZED_AUTOS = YES_AGGRESSIVE;
				GCC_WARN_UNUSED_FUNCTION = YES;
				GCC_WARN_UNUSED_VARIABLE = YES;
				IPHONEOS_DEPLOYMENT_TARGET = 16.2;
				MTL_ENABLE_DEBUG_INFO = NO;
				MTL_FAST_MATH = YES;
				SDKROOT = iphoneos;
				SWIFT_COMPILATION_MODE = wholemodule;
				SWIFT_OPTIMIZATION_LEVEL = "-O";
				VALIDATE_PRODUCT = YES;
				VERSIONING_SYSTEM = "apple-generic";
				VERSION_INFO_PREFIX = "";
			};
			name = Release;
		};
		6AD550C129C6E8D90035A8C5 /* Debug */ = {
			isa = XCBuildConfiguration;
			buildSettings = {
				CLANG_ENABLE_MODULES = YES;
				CODE_SIGN_STYLE = Automatic;
				CURRENT_PROJECT_VERSION = 1;
				DEFINES_MODULE = YES;
				DEVELOPMENT_TEAM = CU5DL5JJWC;
				DYLIB_COMPATIBILITY_VERSION = 1;
				DYLIB_CURRENT_VERSION = 1;
				DYLIB_INSTALL_NAME_BASE = "@rpath";
				GENERATE_INFOPLIST_FILE = YES;
				INFOPLIST_KEY_NSHumanReadableCopyright = "";
				INSTALL_PATH = "$(LOCAL_LIBRARY_DIR)/Frameworks";
				LD_RUNPATH_SEARCH_PATHS = (
					"$(inherited)",
					"@executable_path/Frameworks",
					"@loader_path/Frameworks",
				);
				MACH_O_TYPE = staticlib;
				MARKETING_VERSION = 1.0;
				PRODUCT_BUNDLE_IDENTIFIER = com.ghdps.RESTAPI;
				PRODUCT_NAME = "$(TARGET_NAME:c99extidentifier)";
				SKIP_INSTALL = YES;
				SWIFT_EMIT_LOC_STRINGS = YES;
				SWIFT_OPTIMIZATION_LEVEL = "-Onone";
				SWIFT_VERSION = 5.0;
				TARGETED_DEVICE_FAMILY = "1,2";
			};
			name = Debug;
		};
		6AD550C229C6E8D90035A8C5 /* Release */ = {
			isa = XCBuildConfiguration;
			buildSettings = {
				CLANG_ENABLE_MODULES = YES;
				CODE_SIGN_STYLE = Automatic;
				CURRENT_PROJECT_VERSION = 1;
				DEFINES_MODULE = YES;
				DEVELOPMENT_TEAM = CU5DL5JJWC;
				DYLIB_COMPATIBILITY_VERSION = 1;
				DYLIB_CURRENT_VERSION = 1;
				DYLIB_INSTALL_NAME_BASE = "@rpath";
				GENERATE_INFOPLIST_FILE = YES;
				INFOPLIST_KEY_NSHumanReadableCopyright = "";
				INSTALL_PATH = "$(LOCAL_LIBRARY_DIR)/Frameworks";
				LD_RUNPATH_SEARCH_PATHS = (
					"$(inherited)",
					"@executable_path/Frameworks",
					"@loader_path/Frameworks",
				);
				MACH_O_TYPE = staticlib;
				MARKETING_VERSION = 1.0;
				PRODUCT_BUNDLE_IDENTIFIER = com.ghdps.RESTAPI;
				PRODUCT_NAME = "$(TARGET_NAME:c99extidentifier)";
				SKIP_INSTALL = YES;
				SWIFT_EMIT_LOC_STRINGS = YES;
				SWIFT_VERSION = 5.0;
				TARGETED_DEVICE_FAMILY = "1,2";
			};
			name = Release;
		};
/* End XCBuildConfiguration section */

/* Begin XCConfigurationList section */
		6AD550B329C6E8D90035A8C5 /* Build configuration list for PBXProject "RESTAPI" */ = {
			isa = XCConfigurationList;
			buildConfigurations = (
				6AD550BE29C6E8D90035A8C5 /* Debug */,
				6AD550BF29C6E8D90035A8C5 /* Release */,
			);
			defaultConfigurationIsVisible = 0;
			defaultConfigurationName = Release;
		};
		6AD550C029C6E8D90035A8C5 /* Build configuration list for PBXNativeTarget "RESTAPI" */ = {
			isa = XCConfigurationList;
			buildConfigurations = (
				6AD550C129C6E8D90035A8C5 /* Debug */,
				6AD550C229C6E8D90035A8C5 /* Release */,
			);
			defaultConfigurationIsVisible = 0;
			defaultConfigurationName = Release;
		};
/* End XCConfigurationList section */
	};
	rootObject = 6AD550B029C6E8D90035A8C5 /* Project object */;
}
